// !$*UTF8*$!
{
	archiveVersion = 1;
	classes = {
	};
	objectVersion = 56;
	objects = {

/* Begin PBXBuildFile section */
		CC4ED8AF2AD578E60089F4F3 /* OAuthView.swift in Sources */ = {isa = PBXBuildFile; fileRef = CC4ED8AE2AD578E60089F4F3 /* OAuthView.swift */; };
		CC4ED8B12AD578F30089F4F3 /* OAuthViewModel.swift in Sources */ = {isa = PBXBuildFile; fileRef = CC4ED8B02AD578F30089F4F3 /* OAuthViewModel.swift */; };
		CC4ED8B32AD5790B0089F4F3 /* MyPageView.swift in Sources */ = {isa = PBXBuildFile; fileRef = CC4ED8B22AD5790B0089F4F3 /* MyPageView.swift */; };
		CC4ED8B52AD579190089F4F3 /* MyPageViewModel.swift in Sources */ = {isa = PBXBuildFile; fileRef = CC4ED8B42AD579190089F4F3 /* MyPageViewModel.swift */; };
		CC4ED8B72AD579310089F4F3 /* RestaurantView.swift in Sources */ = {isa = PBXBuildFile; fileRef = CC4ED8B62AD579310089F4F3 /* RestaurantView.swift */; };
		CC4ED8B92AD5793F0089F4F3 /* RestaurantViewModel.swift in Sources */ = {isa = PBXBuildFile; fileRef = CC4ED8B82AD5793F0089F4F3 /* RestaurantViewModel.swift */; };
		CC4ED8BB2AD5794B0089F4F3 /* SearchView.swift in Sources */ = {isa = PBXBuildFile; fileRef = CC4ED8BA2AD5794B0089F4F3 /* SearchView.swift */; };
		CC4ED8BD2AD579570089F4F3 /* SearchViewModel.swift in Sources */ = {isa = PBXBuildFile; fileRef = CC4ED8BC2AD579570089F4F3 /* SearchViewModel.swift */; };
		CC4ED8BF2AD579650089F4F3 /* NearbyRestaurantView.swift in Sources */ = {isa = PBXBuildFile; fileRef = CC4ED8BE2AD579650089F4F3 /* NearbyRestaurantView.swift */; };
		CC4ED8C12AD5796F0089F4F3 /* NearbyRestaurantViewModel.swift in Sources */ = {isa = PBXBuildFile; fileRef = CC4ED8C02AD5796F0089F4F3 /* NearbyRestaurantViewModel.swift */; };
		CC4ED8C32AD5799E0089F4F3 /* Home.swift in Sources */ = {isa = PBXBuildFile; fileRef = CC4ED8C22AD5799E0089F4F3 /* Home.swift */; };
		CC4ED8C52AD579AC0089F4F3 /* Search.swift in Sources */ = {isa = PBXBuildFile; fileRef = CC4ED8C42AD579AC0089F4F3 /* Search.swift */; };
		CC4ED8C72AD579BC0089F4F3 /* Restaurant.swift in Sources */ = {isa = PBXBuildFile; fileRef = CC4ED8C62AD579BC0089F4F3 /* Restaurant.swift */; };
		CC4ED8C92AD579C50089F4F3 /* OAuth.swift in Sources */ = {isa = PBXBuildFile; fileRef = CC4ED8C82AD579C50089F4F3 /* OAuth.swift */; };
		CC4ED8CB2AD579CE0089F4F3 /* MyPage.swift in Sources */ = {isa = PBXBuildFile; fileRef = CC4ED8CA2AD579CE0089F4F3 /* MyPage.swift */; };
		CC59E4032AD419A100CE02C2 /* DangoPlateApp.swift in Sources */ = {isa = PBXBuildFile; fileRef = CC59E4022AD419A100CE02C2 /* DangoPlateApp.swift */; };
		CC59E4072AD419A200CE02C2 /* Assets.xcassets in Resources */ = {isa = PBXBuildFile; fileRef = CC59E4062AD419A200CE02C2 /* Assets.xcassets */; };
		CC59E40A2AD419A200CE02C2 /* Preview Assets.xcassets in Resources */ = {isa = PBXBuildFile; fileRef = CC59E4092AD419A200CE02C2 /* Preview Assets.xcassets */; };
		CC59E4142AD419A200CE02C2 /* DangoPlateTests.swift in Sources */ = {isa = PBXBuildFile; fileRef = CC59E4132AD419A200CE02C2 /* DangoPlateTests.swift */; };
		CC59E41E2AD419A200CE02C2 /* DangoPlateUITests.swift in Sources */ = {isa = PBXBuildFile; fileRef = CC59E41D2AD419A200CE02C2 /* DangoPlateUITests.swift */; };
		CC59E4202AD419A200CE02C2 /* DangoPlateUITestsLaunchTests.swift in Sources */ = {isa = PBXBuildFile; fileRef = CC59E41F2AD419A200CE02C2 /* DangoPlateUITestsLaunchTests.swift */; };
		CC59E42E2AD41E7700CE02C2 /* Launch Screen.storyboard in Resources */ = {isa = PBXBuildFile; fileRef = CC59E42D2AD41E7700CE02C2 /* Launch Screen.storyboard */; };
		CC59E4332AD5732C00CE02C2 /* AppDelegate.swift in Sources */ = {isa = PBXBuildFile; fileRef = CC59E4322AD5732C00CE02C2 /* AppDelegate.swift */; };
		CC67704F2ADA83A80039A15B /* RestaurantListView.swift in Sources */ = {isa = PBXBuildFile; fileRef = CC67704E2ADA83A80039A15B /* RestaurantListView.swift */; };
		CC6770512ADA83BB0039A15B /* RestaurantListViewModel.swift in Sources */ = {isa = PBXBuildFile; fileRef = CC6770502ADA83BB0039A15B /* RestaurantListViewModel.swift */; };
		CC8FF9CF2AD66F3200D7288E /* LayoutView.swift in Sources */ = {isa = PBXBuildFile; fileRef = CC8FF9CE2AD66F3200D7288E /* LayoutView.swift */; };
		CC98DEAC2AD9C09E001A8ABD /* CustomTabBarView.swift in Sources */ = {isa = PBXBuildFile; fileRef = CC98DEAB2AD9C09E001A8ABD /* CustomTabBarView.swift */; };
		CC98DEAE2AD9C0CA001A8ABD /* CustomTabBarViewModel.swift in Sources */ = {isa = PBXBuildFile; fileRef = CC98DEAD2AD9C0CA001A8ABD /* CustomTabBarViewModel.swift */; };
		CC98DEB02AD9C126001A8ABD /* CustomTabBar.swift in Sources */ = {isa = PBXBuildFile; fileRef = CC98DEAF2AD9C126001A8ABD /* CustomTabBar.swift */; };
		FFE16CEE2AE6243C009FCE74 /* KakaoSDKAuth in Frameworks */ = {isa = PBXBuildFile; productRef = FFE16CED2AE6243C009FCE74 /* KakaoSDKAuth */; };
		FFE16CF42AE6243C009FCE74 /* KakaoSDKCommon in Frameworks */ = {isa = PBXBuildFile; productRef = FFE16CF32AE6243C009FCE74 /* KakaoSDKCommon */; };
		FFE16D042AE6243C009FCE74 /* KakaoSDKUser in Frameworks */ = {isa = PBXBuildFile; productRef = FFE16D032AE6243C009FCE74 /* KakaoSDKUser */; };
/* End PBXBuildFile section */

/* Begin PBXContainerItemProxy section */
		CC59E4102AD419A200CE02C2 /* PBXContainerItemProxy */ = {
			isa = PBXContainerItemProxy;
			containerPortal = CC59E3F72AD419A100CE02C2 /* Project object */;
			proxyType = 1;
			remoteGlobalIDString = CC59E3FE2AD419A100CE02C2;
			remoteInfo = DangoPlate;
		};
		CC59E41A2AD419A200CE02C2 /* PBXContainerItemProxy */ = {
			isa = PBXContainerItemProxy;
			containerPortal = CC59E3F72AD419A100CE02C2 /* Project object */;
			proxyType = 1;
			remoteGlobalIDString = CC59E3FE2AD419A100CE02C2;
			remoteInfo = DangoPlate;
		};
/* End PBXContainerItemProxy section */

/* Begin PBXFileReference section */
		CC4ED8AE2AD578E60089F4F3 /* OAuthView.swift */ = {isa = PBXFileReference; lastKnownFileType = sourcecode.swift; path = OAuthView.swift; sourceTree = "<group>"; };
		CC4ED8B02AD578F30089F4F3 /* OAuthViewModel.swift */ = {isa = PBXFileReference; lastKnownFileType = sourcecode.swift; path = OAuthViewModel.swift; sourceTree = "<group>"; };
		CC4ED8B22AD5790B0089F4F3 /* MyPageView.swift */ = {isa = PBXFileReference; lastKnownFileType = sourcecode.swift; path = MyPageView.swift; sourceTree = "<group>"; };
		CC4ED8B42AD579190089F4F3 /* MyPageViewModel.swift */ = {isa = PBXFileReference; lastKnownFileType = sourcecode.swift; path = MyPageViewModel.swift; sourceTree = "<group>"; };
		CC4ED8B62AD579310089F4F3 /* RestaurantView.swift */ = {isa = PBXFileReference; lastKnownFileType = sourcecode.swift; path = RestaurantView.swift; sourceTree = "<group>"; };
		CC4ED8B82AD5793F0089F4F3 /* RestaurantViewModel.swift */ = {isa = PBXFileReference; lastKnownFileType = sourcecode.swift; path = RestaurantViewModel.swift; sourceTree = "<group>"; };
		CC4ED8BA2AD5794B0089F4F3 /* SearchView.swift */ = {isa = PBXFileReference; lastKnownFileType = sourcecode.swift; path = SearchView.swift; sourceTree = "<group>"; };
		CC4ED8BC2AD579570089F4F3 /* SearchViewModel.swift */ = {isa = PBXFileReference; lastKnownFileType = sourcecode.swift; path = SearchViewModel.swift; sourceTree = "<group>"; };
		CC4ED8BE2AD579650089F4F3 /* NearbyRestaurantView.swift */ = {isa = PBXFileReference; lastKnownFileType = sourcecode.swift; path = NearbyRestaurantView.swift; sourceTree = "<group>"; };
		CC4ED8C02AD5796F0089F4F3 /* NearbyRestaurantViewModel.swift */ = {isa = PBXFileReference; lastKnownFileType = sourcecode.swift; path = NearbyRestaurantViewModel.swift; sourceTree = "<group>"; };
		CC4ED8C22AD5799E0089F4F3 /* Home.swift */ = {isa = PBXFileReference; lastKnownFileType = sourcecode.swift; path = Home.swift; sourceTree = "<group>"; };
		CC4ED8C42AD579AC0089F4F3 /* Search.swift */ = {isa = PBXFileReference; lastKnownFileType = sourcecode.swift; path = Search.swift; sourceTree = "<group>"; };
		CC4ED8C62AD579BC0089F4F3 /* Restaurant.swift */ = {isa = PBXFileReference; lastKnownFileType = sourcecode.swift; path = Restaurant.swift; sourceTree = "<group>"; };
		CC4ED8C82AD579C50089F4F3 /* OAuth.swift */ = {isa = PBXFileReference; lastKnownFileType = sourcecode.swift; path = OAuth.swift; sourceTree = "<group>"; };
		CC4ED8CA2AD579CE0089F4F3 /* MyPage.swift */ = {isa = PBXFileReference; lastKnownFileType = sourcecode.swift; path = MyPage.swift; sourceTree = "<group>"; };
		CC59E3FF2AD419A100CE02C2 /* DangoPlate.app */ = {isa = PBXFileReference; explicitFileType = wrapper.application; includeInIndex = 0; path = DangoPlate.app; sourceTree = BUILT_PRODUCTS_DIR; };
		CC59E4022AD419A100CE02C2 /* DangoPlateApp.swift */ = {isa = PBXFileReference; lastKnownFileType = sourcecode.swift; path = DangoPlateApp.swift; sourceTree = "<group>"; };
		CC59E4062AD419A200CE02C2 /* Assets.xcassets */ = {isa = PBXFileReference; lastKnownFileType = folder.assetcatalog; path = Assets.xcassets; sourceTree = "<group>"; };
		CC59E4092AD419A200CE02C2 /* Preview Assets.xcassets */ = {isa = PBXFileReference; lastKnownFileType = folder.assetcatalog; path = "Preview Assets.xcassets"; sourceTree = "<group>"; };
		CC59E40F2AD419A200CE02C2 /* DangoPlateTests.xctest */ = {isa = PBXFileReference; explicitFileType = wrapper.cfbundle; includeInIndex = 0; path = DangoPlateTests.xctest; sourceTree = BUILT_PRODUCTS_DIR; };
		CC59E4132AD419A200CE02C2 /* DangoPlateTests.swift */ = {isa = PBXFileReference; lastKnownFileType = sourcecode.swift; path = DangoPlateTests.swift; sourceTree = "<group>"; };
		CC59E4192AD419A200CE02C2 /* DangoPlateUITests.xctest */ = {isa = PBXFileReference; explicitFileType = wrapper.cfbundle; includeInIndex = 0; path = DangoPlateUITests.xctest; sourceTree = BUILT_PRODUCTS_DIR; };
		CC59E41D2AD419A200CE02C2 /* DangoPlateUITests.swift */ = {isa = PBXFileReference; lastKnownFileType = sourcecode.swift; path = DangoPlateUITests.swift; sourceTree = "<group>"; };
		CC59E41F2AD419A200CE02C2 /* DangoPlateUITestsLaunchTests.swift */ = {isa = PBXFileReference; lastKnownFileType = sourcecode.swift; path = DangoPlateUITestsLaunchTests.swift; sourceTree = "<group>"; };
		CC59E42D2AD41E7700CE02C2 /* Launch Screen.storyboard */ = {isa = PBXFileReference; lastKnownFileType = file.storyboard; path = "Launch Screen.storyboard"; sourceTree = "<group>"; };
		CC59E4322AD5732C00CE02C2 /* AppDelegate.swift */ = {isa = PBXFileReference; lastKnownFileType = sourcecode.swift; path = AppDelegate.swift; sourceTree = "<group>"; };
		CC67704E2ADA83A80039A15B /* RestaurantListView.swift */ = {isa = PBXFileReference; lastKnownFileType = sourcecode.swift; path = RestaurantListView.swift; sourceTree = "<group>"; };
		CC6770502ADA83BB0039A15B /* RestaurantListViewModel.swift */ = {isa = PBXFileReference; lastKnownFileType = sourcecode.swift; path = RestaurantListViewModel.swift; sourceTree = "<group>"; };
		CC8FF9CE2AD66F3200D7288E /* LayoutView.swift */ = {isa = PBXFileReference; lastKnownFileType = sourcecode.swift; path = LayoutView.swift; sourceTree = "<group>"; };
		CC98DEAB2AD9C09E001A8ABD /* CustomTabBarView.swift */ = {isa = PBXFileReference; lastKnownFileType = sourcecode.swift; path = CustomTabBarView.swift; sourceTree = "<group>"; };
		CC98DEAD2AD9C0CA001A8ABD /* CustomTabBarViewModel.swift */ = {isa = PBXFileReference; lastKnownFileType = sourcecode.swift; path = CustomTabBarViewModel.swift; sourceTree = "<group>"; };
		CC98DEAF2AD9C126001A8ABD /* CustomTabBar.swift */ = {isa = PBXFileReference; lastKnownFileType = sourcecode.swift; path = CustomTabBar.swift; sourceTree = "<group>"; };
		FF8D134E2AE557C8000EB550 /* Info.plist */ = {isa = PBXFileReference; lastKnownFileType = text.plist; path = Info.plist; sourceTree = "<group>"; };
/* End PBXFileReference section */

/* Begin PBXFrameworksBuildPhase section */
		CC59E3FC2AD419A100CE02C2 /* Frameworks */ = {
			isa = PBXFrameworksBuildPhase;
			buildActionMask = 2147483647;
			files = (
				FFE16CF42AE6243C009FCE74 /* KakaoSDKCommon in Frameworks */,
				FFE16D042AE6243C009FCE74 /* KakaoSDKUser in Frameworks */,
				FFE16CEE2AE6243C009FCE74 /* KakaoSDKAuth in Frameworks */,
			);
			runOnlyForDeploymentPostprocessing = 0;
		};
		CC59E40C2AD419A200CE02C2 /* Frameworks */ = {
			isa = PBXFrameworksBuildPhase;
			buildActionMask = 2147483647;
			files = (
			);
			runOnlyForDeploymentPostprocessing = 0;
		};
		CC59E4162AD419A200CE02C2 /* Frameworks */ = {
			isa = PBXFrameworksBuildPhase;
			buildActionMask = 2147483647;
			files = (
			);
			runOnlyForDeploymentPostprocessing = 0;
		};
/* End PBXFrameworksBuildPhase section */

/* Begin PBXGroup section */
		CC4ED89A2AD576710089F4F3 /* Search */ = {
			isa = PBXGroup;
			children = (
				CC4ED8A42AD577970089F4F3 /* View */,
				CC4ED8A52AD5779E0089F4F3 /* ViewModel */,
			);
			path = Search;
			sourceTree = "<group>";
		};
		CC4ED89B2AD576830089F4F3 /* Restaurant */ = {
			isa = PBXGroup;
			children = (
				CC4ED8A32AD5778E0089F4F3 /* View */,
				CC4ED8A22AD577850089F4F3 /* ViewModel */,
			);
			path = Restaurant;
			sourceTree = "<group>";
		};
		CC4ED89C2AD576C40089F4F3 /* MyPage */ = {
			isa = PBXGroup;
			children = (
				CC4ED8A12AD5777D0089F4F3 /* View */,
				CC4ED8A02AD577740089F4F3 /* ViewModel */,
			);
			path = MyPage;
			sourceTree = "<group>";
		};
		CC4ED89D2AD5772E0089F4F3 /* OAuth */ = {
			isa = PBXGroup;
			children = (
				CC4ED89E2AD5775D0089F4F3 /* View */,
				CC4ED89F2AD577640089F4F3 /* ViewModel */,
			);
			path = OAuth;
			sourceTree = "<group>";
		};
		CC4ED89E2AD5775D0089F4F3 /* View */ = {
			isa = PBXGroup;
			children = (
				CC4ED8AE2AD578E60089F4F3 /* OAuthView.swift */,
			);
			path = View;
			sourceTree = "<group>";
		};
		CC4ED89F2AD577640089F4F3 /* ViewModel */ = {
			isa = PBXGroup;
			children = (
				CC4ED8B02AD578F30089F4F3 /* OAuthViewModel.swift */,
			);
			path = ViewModel;
			sourceTree = "<group>";
		};
		CC4ED8A02AD577740089F4F3 /* ViewModel */ = {
			isa = PBXGroup;
			children = (
				CC4ED8B42AD579190089F4F3 /* MyPageViewModel.swift */,
			);
			path = ViewModel;
			sourceTree = "<group>";
		};
		CC4ED8A12AD5777D0089F4F3 /* View */ = {
			isa = PBXGroup;
			children = (
				CC4ED8B22AD5790B0089F4F3 /* MyPageView.swift */,
			);
			path = View;
			sourceTree = "<group>";
		};
		CC4ED8A22AD577850089F4F3 /* ViewModel */ = {
			isa = PBXGroup;
			children = (
				CC4ED8B82AD5793F0089F4F3 /* RestaurantViewModel.swift */,
			);
			path = ViewModel;
			sourceTree = "<group>";
		};
		CC4ED8A32AD5778E0089F4F3 /* View */ = {
			isa = PBXGroup;
			children = (
				CC4ED8B62AD579310089F4F3 /* RestaurantView.swift */,
			);
			path = View;
			sourceTree = "<group>";
		};
		CC4ED8A42AD577970089F4F3 /* View */ = {
			isa = PBXGroup;
			children = (
				CC4ED8BA2AD5794B0089F4F3 /* SearchView.swift */,
			);
			path = View;
			sourceTree = "<group>";
		};
		CC4ED8A52AD5779E0089F4F3 /* ViewModel */ = {
			isa = PBXGroup;
			children = (
				CC4ED8BC2AD579570089F4F3 /* SearchViewModel.swift */,
			);
			path = ViewModel;
			sourceTree = "<group>";
		};
		CC4ED8A62AD577A80089F4F3 /* ViewModel */ = {
			isa = PBXGroup;
			children = (
				CC4ED8C02AD5796F0089F4F3 /* NearbyRestaurantViewModel.swift */,
			);
			path = ViewModel;
			sourceTree = "<group>";
		};
		CC4ED8A82AD577B50089F4F3 /* View */ = {
			isa = PBXGroup;
			children = (
				CC4ED8BE2AD579650089F4F3 /* NearbyRestaurantView.swift */,
			);
			path = View;
			sourceTree = "<group>";
		};
		CC4ED8A92AD577F70089F4F3 /* Home */ = {
			isa = PBXGroup;
			children = (
				CC4ED8C22AD5799E0089F4F3 /* Home.swift */,
				CC98DEAF2AD9C126001A8ABD /* CustomTabBar.swift */,
			);
			path = Home;
			sourceTree = "<group>";
		};
		CC4ED8AA2AD577FE0089F4F3 /* Search */ = {
			isa = PBXGroup;
			children = (
				CC4ED8C42AD579AC0089F4F3 /* Search.swift */,
			);
			path = Search;
			sourceTree = "<group>";
		};
		CC4ED8AB2AD5780F0089F4F3 /* Restaurant */ = {
			isa = PBXGroup;
			children = (
				CC4ED8C62AD579BC0089F4F3 /* Restaurant.swift */,
			);
			path = Restaurant;
			sourceTree = "<group>";
		};
		CC4ED8AC2AD5781B0089F4F3 /* OAuth */ = {
			isa = PBXGroup;
			children = (
				CC4ED8C82AD579C50089F4F3 /* OAuth.swift */,
			);
			path = OAuth;
			sourceTree = "<group>";
		};
		CC4ED8AD2AD578220089F4F3 /* MyPage */ = {
			isa = PBXGroup;
			children = (
				CC4ED8CA2AD579CE0089F4F3 /* MyPage.swift */,
			);
			path = MyPage;
			sourceTree = "<group>";
		};
		CC59E3F62AD419A100CE02C2 = {
			isa = PBXGroup;
			children = (
				CC59E4012AD419A100CE02C2 /* DangoPlate */,
				CC59E4122AD419A200CE02C2 /* DangoPlateTests */,
				CC59E41C2AD419A200CE02C2 /* DangoPlateUITests */,
				CC59E4002AD419A100CE02C2 /* Products */,
				FF8D134F2AE55B05000EB550 /* Frameworks */,
			);
			sourceTree = "<group>";
		};
		CC59E4002AD419A100CE02C2 /* Products */ = {
			isa = PBXGroup;
			children = (
				CC59E3FF2AD419A100CE02C2 /* DangoPlate.app */,
				CC59E40F2AD419A200CE02C2 /* DangoPlateTests.xctest */,
				CC59E4192AD419A200CE02C2 /* DangoPlateUITests.xctest */,
			);
			name = Products;
			sourceTree = "<group>";
		};
		CC59E4012AD419A100CE02C2 /* DangoPlate */ = {
			isa = PBXGroup;
			children = (
				FF8D134E2AE557C8000EB550 /* Info.plist */,
				CC59E42C2AD419D000CE02C2 /* App */,
				CC98DEA72AD9C057001A8ABD /* Components */,
				CC59E42F2AD41E8500CE02C2 /* Feature */,
				CC59E4312AD5720800CE02C2 /* Model */,
				CCA836592AD57A3A008FE679 /* Util */,
				CC59E4062AD419A200CE02C2 /* Assets.xcassets */,
				CC59E4082AD419A200CE02C2 /* Preview Content */,
			);
			path = DangoPlate;
			sourceTree = "<group>";
		};
		CC59E4082AD419A200CE02C2 /* Preview Content */ = {
			isa = PBXGroup;
			children = (
				CC59E4092AD419A200CE02C2 /* Preview Assets.xcassets */,
			);
			path = "Preview Content";
			sourceTree = "<group>";
		};
		CC59E4122AD419A200CE02C2 /* DangoPlateTests */ = {
			isa = PBXGroup;
			children = (
				CC59E4132AD419A200CE02C2 /* DangoPlateTests.swift */,
			);
			path = DangoPlateTests;
			sourceTree = "<group>";
		};
		CC59E41C2AD419A200CE02C2 /* DangoPlateUITests */ = {
			isa = PBXGroup;
			children = (
				CC59E41D2AD419A200CE02C2 /* DangoPlateUITests.swift */,
				CC59E41F2AD419A200CE02C2 /* DangoPlateUITestsLaunchTests.swift */,
			);
			path = DangoPlateUITests;
			sourceTree = "<group>";
		};
		CC59E42C2AD419D000CE02C2 /* App */ = {
			isa = PBXGroup;
			children = (
				CC59E4022AD419A100CE02C2 /* DangoPlateApp.swift */,
				CC59E42D2AD41E7700CE02C2 /* Launch Screen.storyboard */,
				CC59E4322AD5732C00CE02C2 /* AppDelegate.swift */,
			);
			path = App;
			sourceTree = "<group>";
		};
		CC59E42F2AD41E8500CE02C2 /* Feature */ = {
			isa = PBXGroup;
			children = (
				CC8FF9CD2AD66F0400D7288E /* Layout */,
				CC4ED89D2AD5772E0089F4F3 /* OAuth */,
				CC4ED89C2AD576C40089F4F3 /* MyPage */,
				CC4ED89B2AD576830089F4F3 /* Restaurant */,
				CC4ED89A2AD576710089F4F3 /* Search */,
				CC59E4302AD5718900CE02C2 /* NearbyRestaurant */,
			);
			path = Feature;
			sourceTree = "<group>";
		};
		CC59E4302AD5718900CE02C2 /* NearbyRestaurant */ = {
			isa = PBXGroup;
			children = (
				CC4ED8A82AD577B50089F4F3 /* View */,
				CC4ED8A62AD577A80089F4F3 /* ViewModel */,
			);
			path = NearbyRestaurant;
			sourceTree = "<group>";
		};
		CC59E4312AD5720800CE02C2 /* Model */ = {
			isa = PBXGroup;
			children = (
				CC4ED8AD2AD578220089F4F3 /* MyPage */,
				CC4ED8AC2AD5781B0089F4F3 /* OAuth */,
				CC4ED8AB2AD5780F0089F4F3 /* Restaurant */,
				CC4ED8AA2AD577FE0089F4F3 /* Search */,
				CC4ED8A92AD577F70089F4F3 /* Home */,
			);
			path = Model;
			sourceTree = "<group>";
		};
		CC67704B2ADA7F710039A15B /* RestaurantList */ = {
			isa = PBXGroup;
			children = (
				CC67704D2ADA7FB80039A15B /* View */,
				CC67704C2ADA7FB30039A15B /* ViewModel */,
			);
			path = RestaurantList;
			sourceTree = "<group>";
		};
		CC67704C2ADA7FB30039A15B /* ViewModel */ = {
			isa = PBXGroup;
			children = (
				CC6770502ADA83BB0039A15B /* RestaurantListViewModel.swift */,
			);
			path = ViewModel;
			sourceTree = "<group>";
		};
		CC67704D2ADA7FB80039A15B /* View */ = {
			isa = PBXGroup;
			children = (
				CC67704E2ADA83A80039A15B /* RestaurantListView.swift */,
			);
			path = View;
			sourceTree = "<group>";
		};
		CC8FF9CD2AD66F0400D7288E /* Layout */ = {
			isa = PBXGroup;
			children = (
				CC8FF9CE2AD66F3200D7288E /* LayoutView.swift */,
			);
			path = Layout;
			sourceTree = "<group>";
		};
		CC98DEA72AD9C057001A8ABD /* Components */ = {
			isa = PBXGroup;
			children = (
				CC67704B2ADA7F710039A15B /* RestaurantList */,
				CC98DEA82AD9C06E001A8ABD /* CustomTabBar */,
			);
			path = Components;
			sourceTree = "<group>";
		};
		CC98DEA82AD9C06E001A8ABD /* CustomTabBar */ = {
			isa = PBXGroup;
			children = (
				CC98DEAA2AD9C086001A8ABD /* ViewModel */,
				CC98DEA92AD9C07E001A8ABD /* View */,
			);
			path = CustomTabBar;
			sourceTree = "<group>";
		};
		CC98DEA92AD9C07E001A8ABD /* View */ = {
			isa = PBXGroup;
			children = (
				CC98DEAB2AD9C09E001A8ABD /* CustomTabBarView.swift */,
			);
			path = View;
			sourceTree = "<group>";
		};
		CC98DEAA2AD9C086001A8ABD /* ViewModel */ = {
			isa = PBXGroup;
			children = (
				CC98DEAD2AD9C0CA001A8ABD /* CustomTabBarViewModel.swift */,
			);
			path = ViewModel;
			sourceTree = "<group>";
		};
		CCA836592AD57A3A008FE679 /* Util */ = {
			isa = PBXGroup;
			children = (
			);
			path = Util;
			sourceTree = "<group>";
		};
		FF8D134F2AE55B05000EB550 /* Frameworks */ = {
			isa = PBXGroup;
			children = (
			);
			name = Frameworks;
			sourceTree = "<group>";
		};
/* End PBXGroup section */

/* Begin PBXNativeTarget section */
		CC59E3FE2AD419A100CE02C2 /* DangoPlate */ = {
			isa = PBXNativeTarget;
			buildConfigurationList = CC59E4232AD419A200CE02C2 /* Build configuration list for PBXNativeTarget "DangoPlate" */;
			buildPhases = (
				CC59E3FB2AD419A100CE02C2 /* Sources */,
				CC59E3FC2AD419A100CE02C2 /* Frameworks */,
				CC59E3FD2AD419A100CE02C2 /* Resources */,
			);
			buildRules = (
			);
			dependencies = (
			);
			name = DangoPlate;
			packageProductDependencies = (
				FFE16CED2AE6243C009FCE74 /* KakaoSDKAuth */,
				FFE16CF32AE6243C009FCE74 /* KakaoSDKCommon */,
				FFE16D032AE6243C009FCE74 /* KakaoSDKUser */,
			);
			productName = DangoPlate;
			productReference = CC59E3FF2AD419A100CE02C2 /* DangoPlate.app */;
			productType = "com.apple.product-type.application";
		};
		CC59E40E2AD419A200CE02C2 /* DangoPlateTests */ = {
			isa = PBXNativeTarget;
			buildConfigurationList = CC59E4262AD419A200CE02C2 /* Build configuration list for PBXNativeTarget "DangoPlateTests" */;
			buildPhases = (
				CC59E40B2AD419A200CE02C2 /* Sources */,
				CC59E40C2AD419A200CE02C2 /* Frameworks */,
				CC59E40D2AD419A200CE02C2 /* Resources */,
			);
			buildRules = (
			);
			dependencies = (
				CC59E4112AD419A200CE02C2 /* PBXTargetDependency */,
			);
			name = DangoPlateTests;
			productName = DangoPlateTests;
			productReference = CC59E40F2AD419A200CE02C2 /* DangoPlateTests.xctest */;
			productType = "com.apple.product-type.bundle.unit-test";
		};
		CC59E4182AD419A200CE02C2 /* DangoPlateUITests */ = {
			isa = PBXNativeTarget;
			buildConfigurationList = CC59E4292AD419A200CE02C2 /* Build configuration list for PBXNativeTarget "DangoPlateUITests" */;
			buildPhases = (
				CC59E4152AD419A200CE02C2 /* Sources */,
				CC59E4162AD419A200CE02C2 /* Frameworks */,
				CC59E4172AD419A200CE02C2 /* Resources */,
			);
			buildRules = (
			);
			dependencies = (
				CC59E41B2AD419A200CE02C2 /* PBXTargetDependency */,
			);
			name = DangoPlateUITests;
			productName = DangoPlateUITests;
			productReference = CC59E4192AD419A200CE02C2 /* DangoPlateUITests.xctest */;
			productType = "com.apple.product-type.bundle.ui-testing";
		};
/* End PBXNativeTarget section */

/* Begin PBXProject section */
		CC59E3F72AD419A100CE02C2 /* Project object */ = {
			isa = PBXProject;
			attributes = {
				BuildIndependentTargetsInParallel = 1;
				LastSwiftUpdateCheck = 1500;
				LastUpgradeCheck = 1500;
				TargetAttributes = {
					CC59E3FE2AD419A100CE02C2 = {
						CreatedOnToolsVersion = 15.0;
					};
					CC59E40E2AD419A200CE02C2 = {
						CreatedOnToolsVersion = 15.0;
						TestTargetID = CC59E3FE2AD419A100CE02C2;
					};
					CC59E4182AD419A200CE02C2 = {
						CreatedOnToolsVersion = 15.0;
						TestTargetID = CC59E3FE2AD419A100CE02C2;
					};
				};
			};
			buildConfigurationList = CC59E3FA2AD419A100CE02C2 /* Build configuration list for PBXProject "DangoPlate" */;
			compatibilityVersion = "Xcode 14.0";
			developmentRegion = en;
			hasScannedForEncodings = 0;
			knownRegions = (
				en,
				Base,
			);
			mainGroup = CC59E3F62AD419A100CE02C2;
			packageReferences = (
				FFE16CEA2AE62429009FCE74 /* XCRemoteSwiftPackageReference "kakao-ios-sdk" */,
			);
			productRefGroup = CC59E4002AD419A100CE02C2 /* Products */;
			projectDirPath = "";
			projectRoot = "";
			targets = (
				CC59E3FE2AD419A100CE02C2 /* DangoPlate */,
				CC59E40E2AD419A200CE02C2 /* DangoPlateTests */,
				CC59E4182AD419A200CE02C2 /* DangoPlateUITests */,
			);
		};
/* End PBXProject section */

/* Begin PBXResourcesBuildPhase section */
		CC59E3FD2AD419A100CE02C2 /* Resources */ = {
			isa = PBXResourcesBuildPhase;
			buildActionMask = 2147483647;
			files = (
				CC59E42E2AD41E7700CE02C2 /* Launch Screen.storyboard in Resources */,
				CC59E40A2AD419A200CE02C2 /* Preview Assets.xcassets in Resources */,
				CC59E4072AD419A200CE02C2 /* Assets.xcassets in Resources */,
			);
			runOnlyForDeploymentPostprocessing = 0;
		};
		CC59E40D2AD419A200CE02C2 /* Resources */ = {
			isa = PBXResourcesBuildPhase;
			buildActionMask = 2147483647;
			files = (
			);
			runOnlyForDeploymentPostprocessing = 0;
		};
		CC59E4172AD419A200CE02C2 /* Resources */ = {
			isa = PBXResourcesBuildPhase;
			buildActionMask = 2147483647;
			files = (
			);
			runOnlyForDeploymentPostprocessing = 0;
		};
/* End PBXResourcesBuildPhase section */

/* Begin PBXSourcesBuildPhase section */
		CC59E3FB2AD419A100CE02C2 /* Sources */ = {
			isa = PBXSourcesBuildPhase;
			buildActionMask = 2147483647;
			files = (
				CC4ED8BD2AD579570089F4F3 /* SearchViewModel.swift in Sources */,
				CC4ED8BB2AD5794B0089F4F3 /* SearchView.swift in Sources */,
				CC98DEAC2AD9C09E001A8ABD /* CustomTabBarView.swift in Sources */,
				CC8FF9CF2AD66F3200D7288E /* LayoutView.swift in Sources */,
				CC4ED8B12AD578F30089F4F3 /* OAuthViewModel.swift in Sources */,
				CC4ED8C92AD579C50089F4F3 /* OAuth.swift in Sources */,
				CC59E4332AD5732C00CE02C2 /* AppDelegate.swift in Sources */,
				CC4ED8C72AD579BC0089F4F3 /* Restaurant.swift in Sources */,
				CC4ED8B72AD579310089F4F3 /* RestaurantView.swift in Sources */,
				CC98DEAE2AD9C0CA001A8ABD /* CustomTabBarViewModel.swift in Sources */,
				CC4ED8CB2AD579CE0089F4F3 /* MyPage.swift in Sources */,
				CC6770512ADA83BB0039A15B /* RestaurantListViewModel.swift in Sources */,
				CC4ED8C32AD5799E0089F4F3 /* Home.swift in Sources */,
				CC4ED8B92AD5793F0089F4F3 /* RestaurantViewModel.swift in Sources */,
				CC4ED8B52AD579190089F4F3 /* MyPageViewModel.swift in Sources */,
				CC4ED8C12AD5796F0089F4F3 /* NearbyRestaurantViewModel.swift in Sources */,
				CC4ED8AF2AD578E60089F4F3 /* OAuthView.swift in Sources */,
				CC98DEB02AD9C126001A8ABD /* CustomTabBar.swift in Sources */,
				CC4ED8BF2AD579650089F4F3 /* NearbyRestaurantView.swift in Sources */,
				CC4ED8C52AD579AC0089F4F3 /* Search.swift in Sources */,
				CC67704F2ADA83A80039A15B /* RestaurantListView.swift in Sources */,
				CC59E4032AD419A100CE02C2 /* DangoPlateApp.swift in Sources */,
				CC4ED8B32AD5790B0089F4F3 /* MyPageView.swift in Sources */,
			);
			runOnlyForDeploymentPostprocessing = 0;
		};
		CC59E40B2AD419A200CE02C2 /* Sources */ = {
			isa = PBXSourcesBuildPhase;
			buildActionMask = 2147483647;
			files = (
				CC59E4142AD419A200CE02C2 /* DangoPlateTests.swift in Sources */,
			);
			runOnlyForDeploymentPostprocessing = 0;
		};
		CC59E4152AD419A200CE02C2 /* Sources */ = {
			isa = PBXSourcesBuildPhase;
			buildActionMask = 2147483647;
			files = (
				CC59E41E2AD419A200CE02C2 /* DangoPlateUITests.swift in Sources */,
				CC59E4202AD419A200CE02C2 /* DangoPlateUITestsLaunchTests.swift in Sources */,
			);
			runOnlyForDeploymentPostprocessing = 0;
		};
/* End PBXSourcesBuildPhase section */

/* Begin PBXTargetDependency section */
		CC59E4112AD419A200CE02C2 /* PBXTargetDependency */ = {
			isa = PBXTargetDependency;
			target = CC59E3FE2AD419A100CE02C2 /* DangoPlate */;
			targetProxy = CC59E4102AD419A200CE02C2 /* PBXContainerItemProxy */;
		};
		CC59E41B2AD419A200CE02C2 /* PBXTargetDependency */ = {
			isa = PBXTargetDependency;
			target = CC59E3FE2AD419A100CE02C2 /* DangoPlate */;
			targetProxy = CC59E41A2AD419A200CE02C2 /* PBXContainerItemProxy */;
		};
/* End PBXTargetDependency section */

/* Begin XCBuildConfiguration section */
		CC59E4212AD419A200CE02C2 /* Debug */ = {
			isa = XCBuildConfiguration;
			buildSettings = {
				ALWAYS_SEARCH_USER_PATHS = NO;
				ASSETCATALOG_COMPILER_GENERATE_SWIFT_ASSET_SYMBOL_EXTENSIONS = YES;
				CLANG_ANALYZER_NONNULL = YES;
				CLANG_ANALYZER_NUMBER_OBJECT_CONVERSION = YES_AGGRESSIVE;
				CLANG_CXX_LANGUAGE_STANDARD = "gnu++20";
				CLANG_ENABLE_MODULES = YES;
				CLANG_ENABLE_OBJC_ARC = YES;
				CLANG_ENABLE_OBJC_WEAK = YES;
				CLANG_WARN_BLOCK_CAPTURE_AUTORELEASING = YES;
				CLANG_WARN_BOOL_CONVERSION = YES;
				CLANG_WARN_COMMA = YES;
				CLANG_WARN_CONSTANT_CONVERSION = YES;
				CLANG_WARN_DEPRECATED_OBJC_IMPLEMENTATIONS = YES;
				CLANG_WARN_DIRECT_OBJC_ISA_USAGE = YES_ERROR;
				CLANG_WARN_DOCUMENTATION_COMMENTS = YES;
				CLANG_WARN_EMPTY_BODY = YES;
				CLANG_WARN_ENUM_CONVERSION = YES;
				CLANG_WARN_INFINITE_RECURSION = YES;
				CLANG_WARN_INT_CONVERSION = YES;
				CLANG_WARN_NON_LITERAL_NULL_CONVERSION = YES;
				CLANG_WARN_OBJC_IMPLICIT_RETAIN_SELF = YES;
				CLANG_WARN_OBJC_LITERAL_CONVERSION = YES;
				CLANG_WARN_OBJC_ROOT_CLASS = YES_ERROR;
				CLANG_WARN_QUOTED_INCLUDE_IN_FRAMEWORK_HEADER = YES;
				CLANG_WARN_RANGE_LOOP_ANALYSIS = YES;
				CLANG_WARN_STRICT_PROTOTYPES = YES;
				CLANG_WARN_SUSPICIOUS_MOVE = YES;
				CLANG_WARN_UNGUARDED_AVAILABILITY = YES_AGGRESSIVE;
				CLANG_WARN_UNREACHABLE_CODE = YES;
				CLANG_WARN__DUPLICATE_METHOD_MATCH = YES;
				COPY_PHASE_STRIP = NO;
				DEBUG_INFORMATION_FORMAT = dwarf;
				ENABLE_STRICT_OBJC_MSGSEND = YES;
				ENABLE_TESTABILITY = YES;
				ENABLE_USER_SCRIPT_SANDBOXING = YES;
				GCC_C_LANGUAGE_STANDARD = gnu17;
				GCC_DYNAMIC_NO_PIC = NO;
				GCC_NO_COMMON_BLOCKS = YES;
				GCC_OPTIMIZATION_LEVEL = 0;
				GCC_PREPROCESSOR_DEFINITIONS = (
					"DEBUG=1",
					"$(inherited)",
				);
				GCC_WARN_64_TO_32_BIT_CONVERSION = YES;
				GCC_WARN_ABOUT_RETURN_TYPE = YES_ERROR;
				GCC_WARN_UNDECLARED_SELECTOR = YES;
				GCC_WARN_UNINITIALIZED_AUTOS = YES_AGGRESSIVE;
				GCC_WARN_UNUSED_FUNCTION = YES;
				GCC_WARN_UNUSED_VARIABLE = YES;
				IPHONEOS_DEPLOYMENT_TARGET = 16.0;
				LOCALIZATION_PREFERS_STRING_CATALOGS = YES;
				MTL_ENABLE_DEBUG_INFO = INCLUDE_SOURCE;
				MTL_FAST_MATH = YES;
				ONLY_ACTIVE_ARCH = YES;
				SDKROOT = iphoneos;
				SWIFT_ACTIVE_COMPILATION_CONDITIONS = "DEBUG $(inherited)";
				SWIFT_OPTIMIZATION_LEVEL = "-Onone";
			};
			name = Debug;
		};
		CC59E4222AD419A200CE02C2 /* Release */ = {
			isa = XCBuildConfiguration;
			buildSettings = {
				ALWAYS_SEARCH_USER_PATHS = NO;
				ASSETCATALOG_COMPILER_GENERATE_SWIFT_ASSET_SYMBOL_EXTENSIONS = YES;
				CLANG_ANALYZER_NONNULL = YES;
				CLANG_ANALYZER_NUMBER_OBJECT_CONVERSION = YES_AGGRESSIVE;
				CLANG_CXX_LANGUAGE_STANDARD = "gnu++20";
				CLANG_ENABLE_MODULES = YES;
				CLANG_ENABLE_OBJC_ARC = YES;
				CLANG_ENABLE_OBJC_WEAK = YES;
				CLANG_WARN_BLOCK_CAPTURE_AUTORELEASING = YES;
				CLANG_WARN_BOOL_CONVERSION = YES;
				CLANG_WARN_COMMA = YES;
				CLANG_WARN_CONSTANT_CONVERSION = YES;
				CLANG_WARN_DEPRECATED_OBJC_IMPLEMENTATIONS = YES;
				CLANG_WARN_DIRECT_OBJC_ISA_USAGE = YES_ERROR;
				CLANG_WARN_DOCUMENTATION_COMMENTS = YES;
				CLANG_WARN_EMPTY_BODY = YES;
				CLANG_WARN_ENUM_CONVERSION = YES;
				CLANG_WARN_INFINITE_RECURSION = YES;
				CLANG_WARN_INT_CONVERSION = YES;
				CLANG_WARN_NON_LITERAL_NULL_CONVERSION = YES;
				CLANG_WARN_OBJC_IMPLICIT_RETAIN_SELF = YES;
				CLANG_WARN_OBJC_LITERAL_CONVERSION = YES;
				CLANG_WARN_OBJC_ROOT_CLASS = YES_ERROR;
				CLANG_WARN_QUOTED_INCLUDE_IN_FRAMEWORK_HEADER = YES;
				CLANG_WARN_RANGE_LOOP_ANALYSIS = YES;
				CLANG_WARN_STRICT_PROTOTYPES = YES;
				CLANG_WARN_SUSPICIOUS_MOVE = YES;
				CLANG_WARN_UNGUARDED_AVAILABILITY = YES_AGGRESSIVE;
				CLANG_WARN_UNREACHABLE_CODE = YES;
				CLANG_WARN__DUPLICATE_METHOD_MATCH = YES;
				COPY_PHASE_STRIP = NO;
				DEBUG_INFORMATION_FORMAT = "dwarf-with-dsym";
				ENABLE_NS_ASSERTIONS = NO;
				ENABLE_STRICT_OBJC_MSGSEND = YES;
				ENABLE_USER_SCRIPT_SANDBOXING = YES;
				GCC_C_LANGUAGE_STANDARD = gnu17;
				GCC_NO_COMMON_BLOCKS = YES;
				GCC_WARN_64_TO_32_BIT_CONVERSION = YES;
				GCC_WARN_ABOUT_RETURN_TYPE = YES_ERROR;
				GCC_WARN_UNDECLARED_SELECTOR = YES;
				GCC_WARN_UNINITIALIZED_AUTOS = YES_AGGRESSIVE;
				GCC_WARN_UNUSED_FUNCTION = YES;
				GCC_WARN_UNUSED_VARIABLE = YES;
				IPHONEOS_DEPLOYMENT_TARGET = 16.0;
				LOCALIZATION_PREFERS_STRING_CATALOGS = YES;
				MTL_ENABLE_DEBUG_INFO = NO;
				MTL_FAST_MATH = YES;
				SDKROOT = iphoneos;
				SWIFT_COMPILATION_MODE = wholemodule;
				VALIDATE_PRODUCT = YES;
			};
			name = Release;
		};
		CC59E4242AD419A200CE02C2 /* Debug */ = {
			isa = XCBuildConfiguration;
			buildSettings = {
				ASSETCATALOG_COMPILER_APPICON_NAME = AppIcon;
				ASSETCATALOG_COMPILER_GLOBAL_ACCENT_COLOR_NAME = AccentColor;
				CODE_SIGN_STYLE = Automatic;
				CURRENT_PROJECT_VERSION = 1;
				DEVELOPMENT_ASSET_PATHS = "\"DangoPlate/Preview Content\"";
				DEVELOPMENT_TEAM = U6NUHA5DNR;
				ENABLE_PREVIEWS = YES;
				GENERATE_INFOPLIST_FILE = YES;
				INFOPLIST_FILE = DangoPlate/Info.plist;
				INFOPLIST_KEY_UIApplicationSceneManifest_Generation = YES;
				INFOPLIST_KEY_UIApplicationSupportsIndirectInputEvents = YES;
				INFOPLIST_KEY_UILaunchScreen_Generation = YES;
				INFOPLIST_KEY_UISupportedInterfaceOrientations = UIInterfaceOrientationPortrait;
				INFOPLIST_KEY_UISupportedInterfaceOrientations_iPad = "UIInterfaceOrientationLandscapeLeft UIInterfaceOrientationLandscapeRight UIInterfaceOrientationPortrait UIInterfaceOrientationPortraitUpsideDown";
				INFOPLIST_KEY_UIUserInterfaceStyle = Light;
				LD_RUNPATH_SEARCH_PATHS = (
					"$(inherited)",
					"@executable_path/Frameworks",
				);
				MARKETING_VERSION = 1.0;
				PRODUCT_BUNDLE_IDENTIFIER = com.gdsc.team6.DangoPlate.DangoPlate;
				PRODUCT_NAME = "$(TARGET_NAME)";
				SUPPORTED_PLATFORMS = "iphoneos iphonesimulator";
				SUPPORTS_MACCATALYST = NO;
				SUPPORTS_MAC_DESIGNED_FOR_IPHONE_IPAD = NO;
				SWIFT_EMIT_LOC_STRINGS = YES;
				SWIFT_VERSION = 5.0;
				TARGETED_DEVICE_FAMILY = 1;
			};
			name = Debug;
		};
		CC59E4252AD419A200CE02C2 /* Release */ = {
			isa = XCBuildConfiguration;
			buildSettings = {
				ASSETCATALOG_COMPILER_APPICON_NAME = AppIcon;
				ASSETCATALOG_COMPILER_GLOBAL_ACCENT_COLOR_NAME = AccentColor;
				CODE_SIGN_STYLE = Automatic;
				CURRENT_PROJECT_VERSION = 1;
				DEVELOPMENT_ASSET_PATHS = "\"DangoPlate/Preview Content\"";
				DEVELOPMENT_TEAM = U6NUHA5DNR;
				ENABLE_PREVIEWS = YES;
				GENERATE_INFOPLIST_FILE = YES;
				INFOPLIST_FILE = DangoPlate/Info.plist;
				INFOPLIST_KEY_UIApplicationSceneManifest_Generation = YES;
				INFOPLIST_KEY_UIApplicationSupportsIndirectInputEvents = YES;
				INFOPLIST_KEY_UILaunchScreen_Generation = YES;
				INFOPLIST_KEY_UISupportedInterfaceOrientations = UIInterfaceOrientationPortrait;
				INFOPLIST_KEY_UISupportedInterfaceOrientations_iPad = "UIInterfaceOrientationLandscapeLeft UIInterfaceOrientationLandscapeRight UIInterfaceOrientationPortrait UIInterfaceOrientationPortraitUpsideDown";
				INFOPLIST_KEY_UIUserInterfaceStyle = Light;
				LD_RUNPATH_SEARCH_PATHS = (
					"$(inherited)",
					"@executable_path/Frameworks",
				);
				MARKETING_VERSION = 1.0;
				PRODUCT_BUNDLE_IDENTIFIER = com.gdsc.team6.DangoPlate.DangoPlate;
				PRODUCT_NAME = "$(TARGET_NAME)";
				SUPPORTED_PLATFORMS = "iphoneos iphonesimulator";
				SUPPORTS_MACCATALYST = NO;
				SUPPORTS_MAC_DESIGNED_FOR_IPHONE_IPAD = NO;
				SWIFT_EMIT_LOC_STRINGS = YES;
				SWIFT_VERSION = 5.0;
				TARGETED_DEVICE_FAMILY = 1;
			};
			name = Release;
		};
		CC59E4272AD419A200CE02C2 /* Debug */ = {
			isa = XCBuildConfiguration;
			buildSettings = {
				ALWAYS_EMBED_SWIFT_STANDARD_LIBRARIES = YES;
				BUNDLE_LOADER = "$(TEST_HOST)";
				CODE_SIGN_STYLE = Automatic;
				CURRENT_PROJECT_VERSION = 1;
				DEVELOPMENT_TEAM = YWNQ4RZBTS;
				GENERATE_INFOPLIST_FILE = YES;
				IPHONEOS_DEPLOYMENT_TARGET = 17.0;
				MARKETING_VERSION = 1.0;
				PRODUCT_BUNDLE_IDENTIFIER = com.gdsc.team6.DangoPlate.DangoPlateTests;
				PRODUCT_NAME = "$(TARGET_NAME)";
				SWIFT_EMIT_LOC_STRINGS = NO;
				SWIFT_VERSION = 5.0;
				TARGETED_DEVICE_FAMILY = "1,2";
				TEST_HOST = "$(BUILT_PRODUCTS_DIR)/DangoPlate.app/$(BUNDLE_EXECUTABLE_FOLDER_PATH)/DangoPlate";
			};
			name = Debug;
		};
		CC59E4282AD419A200CE02C2 /* Release */ = {
			isa = XCBuildConfiguration;
			buildSettings = {
				ALWAYS_EMBED_SWIFT_STANDARD_LIBRARIES = YES;
				BUNDLE_LOADER = "$(TEST_HOST)";
				CODE_SIGN_STYLE = Automatic;
				CURRENT_PROJECT_VERSION = 1;
				DEVELOPMENT_TEAM = YWNQ4RZBTS;
				GENERATE_INFOPLIST_FILE = YES;
				IPHONEOS_DEPLOYMENT_TARGET = 17.0;
				MARKETING_VERSION = 1.0;
				PRODUCT_BUNDLE_IDENTIFIER = com.gdsc.team6.DangoPlate.DangoPlateTests;
				PRODUCT_NAME = "$(TARGET_NAME)";
				SWIFT_EMIT_LOC_STRINGS = NO;
				SWIFT_VERSION = 5.0;
				TARGETED_DEVICE_FAMILY = "1,2";
				TEST_HOST = "$(BUILT_PRODUCTS_DIR)/DangoPlate.app/$(BUNDLE_EXECUTABLE_FOLDER_PATH)/DangoPlate";
			};
			name = Release;
		};
		CC59E42A2AD419A200CE02C2 /* Debug */ = {
			isa = XCBuildConfiguration;
			buildSettings = {
				ALWAYS_EMBED_SWIFT_STANDARD_LIBRARIES = YES;
				CODE_SIGN_STYLE = Automatic;
				CURRENT_PROJECT_VERSION = 1;
				DEVELOPMENT_TEAM = YWNQ4RZBTS;
				GENERATE_INFOPLIST_FILE = YES;
				MARKETING_VERSION = 1.0;
				PRODUCT_BUNDLE_IDENTIFIER = com.gdsc.team6.DangoPlate.DangoPlateUITests;
				PRODUCT_NAME = "$(TARGET_NAME)";
				SWIFT_EMIT_LOC_STRINGS = NO;
				SWIFT_VERSION = 5.0;
				TARGETED_DEVICE_FAMILY = "1,2";
				TEST_TARGET_NAME = DangoPlate;
			};
			name = Debug;
		};
		CC59E42B2AD419A200CE02C2 /* Release */ = {
			isa = XCBuildConfiguration;
			buildSettings = {
				ALWAYS_EMBED_SWIFT_STANDARD_LIBRARIES = YES;
				CODE_SIGN_STYLE = Automatic;
				CURRENT_PROJECT_VERSION = 1;
				DEVELOPMENT_TEAM = YWNQ4RZBTS;
				GENERATE_INFOPLIST_FILE = YES;
				MARKETING_VERSION = 1.0;
				PRODUCT_BUNDLE_IDENTIFIER = com.gdsc.team6.DangoPlate.DangoPlateUITests;
				PRODUCT_NAME = "$(TARGET_NAME)";
				SWIFT_EMIT_LOC_STRINGS = NO;
				SWIFT_VERSION = 5.0;
				TARGETED_DEVICE_FAMILY = "1,2";
				TEST_TARGET_NAME = DangoPlate;
			};
			name = Release;
		};
/* End XCBuildConfiguration section */

/* Begin XCConfigurationList section */
		CC59E3FA2AD419A100CE02C2 /* Build configuration list for PBXProject "DangoPlate" */ = {
			isa = XCConfigurationList;
			buildConfigurations = (
				CC59E4212AD419A200CE02C2 /* Debug */,
				CC59E4222AD419A200CE02C2 /* Release */,
			);
			defaultConfigurationIsVisible = 0;
			defaultConfigurationName = Release;
		};
		CC59E4232AD419A200CE02C2 /* Build configuration list for PBXNativeTarget "DangoPlate" */ = {
			isa = XCConfigurationList;
			buildConfigurations = (
				CC59E4242AD419A200CE02C2 /* Debug */,
				CC59E4252AD419A200CE02C2 /* Release */,
			);
			defaultConfigurationIsVisible = 0;
			defaultConfigurationName = Release;
		};
		CC59E4262AD419A200CE02C2 /* Build configuration list for PBXNativeTarget "DangoPlateTests" */ = {
			isa = XCConfigurationList;
			buildConfigurations = (
				CC59E4272AD419A200CE02C2 /* Debug */,
				CC59E4282AD419A200CE02C2 /* Release */,
			);
			defaultConfigurationIsVisible = 0;
			defaultConfigurationName = Release;
		};
		CC59E4292AD419A200CE02C2 /* Build configuration list for PBXNativeTarget "DangoPlateUITests" */ = {
			isa = XCConfigurationList;
			buildConfigurations = (
				CC59E42A2AD419A200CE02C2 /* Debug */,
				CC59E42B2AD419A200CE02C2 /* Release */,
			);
			defaultConfigurationIsVisible = 0;
			defaultConfigurationName = Release;
		};
/* End XCConfigurationList section */

/* Begin XCRemoteSwiftPackageReference section */
		FFE16CEA2AE62429009FCE74 /* XCRemoteSwiftPackageReference "kakao-ios-sdk" */ = {
			isa = XCRemoteSwiftPackageReference;
			repositoryURL = "https://github.com/kakao/kakao-ios-sdk";
			requirement = {
				kind = upToNextMajorVersion;
				minimumVersion = 2.8.3;
			};
		};
/* End XCRemoteSwiftPackageReference section */

/* Begin XCSwiftPackageProductDependency section */
		FFE16CED2AE6243C009FCE74 /* KakaoSDKAuth */ = {
			isa = XCSwiftPackageProductDependency;
			package = FFE16CEA2AE62429009FCE74 /* XCRemoteSwiftPackageReference "kakao-ios-sdk" */;
			productName = KakaoSDKAuth;
		};
		FFE16CF32AE6243C009FCE74 /* KakaoSDKCommon */ = {
			isa = XCSwiftPackageProductDependency;
			package = FFE16CEA2AE62429009FCE74 /* XCRemoteSwiftPackageReference "kakao-ios-sdk" */;
			productName = KakaoSDKCommon;
		};
		FFE16D032AE6243C009FCE74 /* KakaoSDKUser */ = {
			isa = XCSwiftPackageProductDependency;
			package = FFE16CEA2AE62429009FCE74 /* XCRemoteSwiftPackageReference "kakao-ios-sdk" */;
			productName = KakaoSDKUser;
		};
/* End XCSwiftPackageProductDependency section */
	};
	rootObject = CC59E3F72AD419A100CE02C2 /* Project object */;
}
